
Microsoft Visual Studio Solution File, Format Version 12.00
# Visual Studio Version 16
VisualStudioVersion = 16.0.30114.105
MinimumVisualStudioVersion = 10.0.40219.1
Project("{9A19103F-16F7-4668-BE54-9A1E7A4F7556}") = "ConfigHandler", "ConfigHandler\ConfigHandler.csproj", "{DE959E44-17AB-4D3B-BB4F-B1F202CA0CD0}"
EndProject
Project("{9A19103F-16F7-4668-BE54-9A1E7A4F7556}") = "NUnitConfigHandler", "NUnitConfigHandler\NUnitConfigHandler.csproj", "{9DFA6964-36EA-4D62-8E28-20E86C6A70CE}"
EndProject
Global
	GlobalSection(SolutionConfigurationPlatforms) = preSolution
		Debug|Any CPU = Debug|Any CPU
		Release|Any CPU = Release|Any CPU
	EndGlobalSection
	GlobalSection(ProjectConfigurationPlatforms) = postSolution
		{DE959E44-17AB-4D3B-BB4F-B1F202CA0CD0}.Debug|Any CPU.ActiveCfg = Debug|Any CPU
		{DE959E44-17AB-4D3B-BB4F-B1F202CA0CD0}.Debug|Any CPU.Build.0 = Debug|Any CPU
		{DE959E44-17AB-4D3B-BB4F-B1F202CA0CD0}.Release|Any CPU.ActiveCfg = Release|Any CPU
		{DE959E44-17AB-4D3B-BB4F-B1F202CA0CD0}.Release|Any CPU.Build.0 = Release|Any CPU
		{9DFA6964-36EA-4D62-8E28-20E86C6A70CE}.Debug|Any CPU.ActiveCfg = Debug|Any CPU
		{9DFA6964-36EA-4D62-8E28-20E86C6A70CE}.Debug|Any CPU.Build.0 = Debug|Any CPU
		{9DFA6964-36EA-4D62-8E28-20E86C6A70CE}.Release|Any CPU.ActiveCfg = Release|Any CPU
		{9DFA6964-36EA-4D62-8E28-20E86C6A70CE}.Release|Any CPU.Build.0 = Release|Any CPU
	EndGlobalSection
	GlobalSection(SolutionProperties) = preSolution
		HideSolutionNode = FALSE
	EndGlobalSection
	GlobalSection(ExtensibilityGlobals) = postSolution
		SolutionGuid = {4334B014-24DB-441B-A565-0B588DD54739}
	EndGlobalSection
EndGlobal
